
Microsoft Visual Studio Solution File, Format Version 12.00
# Visual Studio Version 17
VisualStudioVersion = 17.8.34408.163
MinimumVisualStudioVersion = 10.0.40219.1
Project("{9A19103F-16F7-4668-BE54-9A1E7A4F7556}") = "StoreApi", "StoreApi\StoreApi.csproj", "{342759EA-4776-4091-B076-4BE734752B1B}"
EndProject
Project("{888888A0-9F3D-457C-B088-3A5042F75D52}") = "EagleSwitch", "EagleSwitch\EagleSwitch.pyproj", "{6A6CF01C-B211-416F-84BB-DE841D092036}"
EndProject
Project("{888888A0-9F3D-457C-B088-3A5042F75D52}") = "StockRest", "StockRest\StockRest.pyproj", "{6512103D-C4F9-42C1-BAFC-30725A6D1F43}"
EndProject
Global
	GlobalSection(SolutionConfigurationPlatforms) = preSolution
		Debug|Any CPU = Debug|Any CPU
		Release|Any CPU = Release|Any CPU
	EndGlobalSection
	GlobalSection(ProjectConfigurationPlatforms) = postSolution
		{342759EA-4776-4091-B076-4BE734752B1B}.Debug|Any CPU.ActiveCfg = Debug|Any CPU
		{342759EA-4776-4091-B076-4BE734752B1B}.Debug|Any CPU.Build.0 = Debug|Any CPU
		{342759EA-4776-4091-B076-4BE734752B1B}.Release|Any CPU.ActiveCfg = Release|Any CPU
		{342759EA-4776-4091-B076-4BE734752B1B}.Release|Any CPU.Build.0 = Release|Any CPU
		{6A6CF01C-B211-416F-84BB-DE841D092036}.Debug|Any CPU.ActiveCfg = Debug|Any CPU
		{6A6CF01C-B211-416F-84BB-DE841D092036}.Release|Any CPU.ActiveCfg = Release|Any CPU
		{6512103D-C4F9-42C1-BAFC-30725A6D1F43}.Debug|Any CPU.ActiveCfg = Debug|Any CPU
		{6512103D-C4F9-42C1-BAFC-30725A6D1F43}.Release|Any CPU.ActiveCfg = Release|Any CPU
	EndGlobalSection
	GlobalSection(SolutionProperties) = preSolution
		HideSolutionNode = FALSE
	EndGlobalSection
	GlobalSection(ExtensibilityGlobals) = postSolution
		SolutionGuid = {03E9F390-EFAD-4883-BF43-52BEF6ED3796}
	EndGlobalSection
EndGlobal
